PODS:
  - Alamofire (5.8.0)
  - CropViewController (2.6.1)
  - DZNEmptyDataSet (1.8.1)

DEPENDENCIES:
  - Alamofire
  - CropViewController
  - DZNEmptyDataSet

SPEC REPOS:
  trunk:
    - Alamofire
    - CropViewController
    - DZNEmptyDataSet

SPEC CHECKSUMS:
  Alamofire: 0e92e751b3e9e66d7982db43919d01f313b8eb91
  CropViewController: 58fb440f30dac788b129d2a1f24cffdcb102669c
  DZNEmptyDataSet: 9525833b9e68ac21c30253e1d3d7076cc828eaa7

PODFILE CHECKSUM: 4d196185b2ce884c541bf0988bf57321b63c5231

COCOAPODS: 1.12.1
