// !$*UTF8*$!
{
	archiveVersion = 1;
	classes = {
	};
	objectVersion = 56;
	objects = {

/* Begin PBXBuildFile section */
		0513E246E9A899BD4EAC29C2 /* Pods_Karalog.framework in Frameworks */ = {isa = PBXBuildFile; fileRef = 0CB4C410CD43EC7ED72095BD /* Pods_Karalog.framework */; };
		192D26712A0543A80058D739 /* Function.swift in Sources */ = {isa = PBXBuildFile; fileRef = 192D26702A0543A80058D739 /* Function.swift */; };
		192D26AF2A1F1AB20058D739 /* ShareViewController.swift in Sources */ = {isa = PBXBuildFile; fileRef = 192D26AE2A1F1AB20058D739 /* ShareViewController.swift */; };
		192D26B22A1F1C140058D739 /* ShareCell.swift in Sources */ = {isa = PBXBuildFile; fileRef = 192D26B02A1F1C140058D739 /* ShareCell.swift */; };
		192D26B32A1F1C140058D739 /* ShareCell.xib in Resources */ = {isa = PBXBuildFile; fileRef = 192D26B12A1F1C140058D739 /* ShareCell.xib */; };
		192D26B52A1F98770058D739 /* PostViewController.swift in Sources */ = {isa = PBXBuildFile; fileRef = 192D26B42A1F98770058D739 /* PostViewController.swift */; };
		192D26B72A1FABBD0058D739 /* GetMusicViewController.swift in Sources */ = {isa = PBXBuildFile; fileRef = 192D26B62A1FABBD0058D739 /* GetMusicViewController.swift */; };
		1938FBB729D012E700245BB3 /* TableViewCell1.swift in Sources */ = {isa = PBXBuildFile; fileRef = 1938FBB529D012E700245BB3 /* TableViewCell1.swift */; };
		1938FBB829D012E700245BB3 /* TableViewCell1.xib in Resources */ = {isa = PBXBuildFile; fileRef = 1938FBB629D012E700245BB3 /* TableViewCell1.xib */; };
		1938FBBA29D045B900245BB3 /* AddToListViewController.swift in Sources */ = {isa = PBXBuildFile; fileRef = 1938FBB929D045B900245BB3 /* AddToListViewController.swift */; };
		1938FBBD29D0584600245BB3 /* CollectionViewCell1.swift in Sources */ = {isa = PBXBuildFile; fileRef = 1938FBBB29D0584600245BB3 /* CollectionViewCell1.swift */; };
		1938FBBE29D0584600245BB3 /* CollectionViewCell1.xib in Resources */ = {isa = PBXBuildFile; fileRef = 1938FBBC29D0584600245BB3 /* CollectionViewCell1.xib */; };
		1938FBC129D0641700245BB3 /* CollectionViewCell2.swift in Sources */ = {isa = PBXBuildFile; fileRef = 1938FBBF29D0641700245BB3 /* CollectionViewCell2.swift */; };
		1938FBC229D0641700245BB3 /* CollectionViewCell2.xib in Resources */ = {isa = PBXBuildFile; fileRef = 1938FBC029D0641700245BB3 /* CollectionViewCell2.xib */; };
		1938FBC729D0741300245BB3 /* GoogleSignIn in Frameworks */ = {isa = PBXBuildFile; productRef = 1938FBC629D0741300245BB3 /* GoogleSignIn */; };
		1938FBC929D0741300245BB3 /* GoogleSignInSwift in Frameworks */ = {isa = PBXBuildFile; productRef = 1938FBC829D0741300245BB3 /* GoogleSignInSwift */; };
		1938FBCC29D08C1900245BB3 /* FacebookCore in Frameworks */ = {isa = PBXBuildFile; productRef = 1938FBCB29D08C1900245BB3 /* FacebookCore */; };
		1938FBCE29D08C1900245BB3 /* FacebookLogin in Frameworks */ = {isa = PBXBuildFile; productRef = 1938FBCD29D08C1900245BB3 /* FacebookLogin */; };
		1938FBD029D08C1900245BB3 /* FacebookShare in Frameworks */ = {isa = PBXBuildFile; productRef = 1938FBCF29D08C1900245BB3 /* FacebookShare */; };
		1960CD1F29FE0F6E0065FF05 /* FirebaseAPI.swift in Sources */ = {isa = PBXBuildFile; fileRef = 1960CD1E29FE0F6E0065FF05 /* FirebaseAPI.swift */; };
		1960CD2129FE30730065FF05 /* Manager.swift in Sources */ = {isa = PBXBuildFile; fileRef = 1960CD2029FE30730065FF05 /* Manager.swift */; };
		1960CD2329FE7B250065FF05 /* Material.swift in Sources */ = {isa = PBXBuildFile; fileRef = 1960CD2229FE7B250065FF05 /* Material.swift */; };
		196D97362A66A02C00A96892 /* GoogleService-Info.plist in Resources */ = {isa = PBXBuildFile; fileRef = 196D97352A66A02B00A96892 /* GoogleService-Info.plist */; };
		196D97392A66A3AC00A96892 /* FirebaseAuth in Frameworks */ = {isa = PBXBuildFile; productRef = 196D97382A66A3AC00A96892 /* FirebaseAuth */; };
		196D973B2A66A3AC00A96892 /* FirebaseFirestore in Frameworks */ = {isa = PBXBuildFile; productRef = 196D973A2A66A3AC00A96892 /* FirebaseFirestore */; };
		196D973D2A66A3AC00A96892 /* FirebaseFirestoreSwift in Frameworks */ = {isa = PBXBuildFile; productRef = 196D973C2A66A3AC00A96892 /* FirebaseFirestoreSwift */; };
		197F7C6A2A83CAAE00F80C34 /* BorderLabel.swift in Sources */ = {isa = PBXBuildFile; fileRef = 197F7C692A83CAAE00F80C34 /* BorderLabel.swift */; };
		197F7C6C2A83CAD400F80C34 /* EmphasizeLabel.swift in Sources */ = {isa = PBXBuildFile; fileRef = 197F7C6B2A83CAD400F80C34 /* EmphasizeLabel.swift */; };
		197F7C6E2A84BEEF00F80C34 /* SelectedPostViewController.swift in Sources */ = {isa = PBXBuildFile; fileRef = 197F7C6D2A84BEEF00F80C34 /* SelectedPostViewController.swift */; };
		1980AAC22A60DE0900FA93A1 /* CheckBox.swift in Sources */ = {isa = PBXBuildFile; fileRef = 1980AAC12A60DE0900FA93A1 /* CheckBox.swift */; };
		19A12D2D29CC2C9E00B798A4 /* AppDelegate.swift in Sources */ = {isa = PBXBuildFile; fileRef = 19A12D2C29CC2C9E00B798A4 /* AppDelegate.swift */; };
		19A12D2F29CC2C9E00B798A4 /* SceneDelegate.swift in Sources */ = {isa = PBXBuildFile; fileRef = 19A12D2E29CC2C9E00B798A4 /* SceneDelegate.swift */; };
		19A12D3129CC2C9E00B798A4 /* ViewController.swift in Sources */ = {isa = PBXBuildFile; fileRef = 19A12D3029CC2C9E00B798A4 /* ViewController.swift */; };
		19A12D3429CC2C9E00B798A4 /* Main.storyboard in Resources */ = {isa = PBXBuildFile; fileRef = 19A12D3229CC2C9E00B798A4 /* Main.storyboard */; };
		19A12D3629CC2C9F00B798A4 /* Assets.xcassets in Resources */ = {isa = PBXBuildFile; fileRef = 19A12D3529CC2C9F00B798A4 /* Assets.xcassets */; };
		19A12D3929CC2C9F00B798A4 /* LaunchScreen.storyboard in Resources */ = {isa = PBXBuildFile; fileRef = 19A12D3729CC2C9F00B798A4 /* LaunchScreen.storyboard */; };
		19A12D4429CC2CA000B798A4 /* KaralogTests.swift in Sources */ = {isa = PBXBuildFile; fileRef = 19A12D4329CC2CA000B798A4 /* KaralogTests.swift */; };
		19A12D4E29CC2CA000B798A4 /* KaralogUITests.swift in Sources */ = {isa = PBXBuildFile; fileRef = 19A12D4D29CC2CA000B798A4 /* KaralogUITests.swift */; };
		19A12D5029CC2CA000B798A4 /* KaralogUITestsLaunchTests.swift in Sources */ = {isa = PBXBuildFile; fileRef = 19A12D4F29CC2CA000B798A4 /* KaralogUITestsLaunchTests.swift */; };
		19A12D5D29CD941200B798A4 /* MusicViewController.swift in Sources */ = {isa = PBXBuildFile; fileRef = 19A12D5C29CD941200B798A4 /* MusicViewController.swift */; };
		19A12D5F29CD942F00B798A4 /* AddMusicViewController.swift in Sources */ = {isa = PBXBuildFile; fileRef = 19A12D5E29CD942F00B798A4 /* AddMusicViewController.swift */; };
		19A12D6129CD945100B798A4 /* SearchViewController.swift in Sources */ = {isa = PBXBuildFile; fileRef = 19A12D6029CD945100B798A4 /* SearchViewController.swift */; };
		19A12D6329CD946D00B798A4 /* MusicDetailViewController.swift in Sources */ = {isa = PBXBuildFile; fileRef = 19A12D6229CD946D00B798A4 /* MusicDetailViewController.swift */; };
		19A12D6529CD94A200B798A4 /* AddDetailViewController.swift in Sources */ = {isa = PBXBuildFile; fileRef = 19A12D6429CD94A200B798A4 /* AddDetailViewController.swift */; };
		19A12D6729CD94AC00B798A4 /* DetailViewController.swift in Sources */ = {isa = PBXBuildFile; fileRef = 19A12D6629CD94AC00B798A4 /* DetailViewController.swift */; };
		19A12D6929CD94C300B798A4 /* AllListViewController.swift in Sources */ = {isa = PBXBuildFile; fileRef = 19A12D6829CD94C300B798A4 /* AllListViewController.swift */; };
		19A12D6B29CD94D500B798A4 /* AddListViewController.swift in Sources */ = {isa = PBXBuildFile; fileRef = 19A12D6A29CD94D500B798A4 /* AddListViewController.swift */; };
		19A12D6D29CD94E300B798A4 /* ListViewController.swift in Sources */ = {isa = PBXBuildFile; fileRef = 19A12D6C29CD94E300B798A4 /* ListViewController.swift */; };
		19A12D6F29CD94ED00B798A4 /* AddListMusicViewController.swift in Sources */ = {isa = PBXBuildFile; fileRef = 19A12D6E29CD94ED00B798A4 /* AddListMusicViewController.swift */; };
		19A12D7129CD955500B798A4 /* ProfileViewController.swift in Sources */ = {isa = PBXBuildFile; fileRef = 19A12D7029CD955500B798A4 /* ProfileViewController.swift */; };
		19A12D7329CD957600B798A4 /* NotificationViewController.swift in Sources */ = {isa = PBXBuildFile; fileRef = 19A12D7229CD957600B798A4 /* NotificationViewController.swift */; };
		19A12D7529CD958300B798A4 /* FriendsViewController.swift in Sources */ = {isa = PBXBuildFile; fileRef = 19A12D7429CD958300B798A4 /* FriendsViewController.swift */; };
		19A12D7729CD95A200B798A4 /* MatchViewController.swift in Sources */ = {isa = PBXBuildFile; fileRef = 19A12D7629CD95A200B798A4 /* MatchViewController.swift */; };
		19A12D7B29CD95D400B798A4 /* CommunicationViewController.swift in Sources */ = {isa = PBXBuildFile; fileRef = 19A12D7A29CD95D400B798A4 /* CommunicationViewController.swift */; };
		19A12D7D29CD95EA00B798A4 /* MakeGroupViewController.swift in Sources */ = {isa = PBXBuildFile; fileRef = 19A12D7C29CD95EA00B798A4 /* MakeGroupViewController.swift */; };
		19A12D7F29CD960200B798A4 /* ChatViewController.swift in Sources */ = {isa = PBXBuildFile; fileRef = 19A12D7E29CD960200B798A4 /* ChatViewController.swift */; };
		19A12D8129CD964F00B798A4 /* LoginViewController.swift in Sources */ = {isa = PBXBuildFile; fileRef = 19A12D8029CD964F00B798A4 /* LoginViewController.swift */; };
		19A12D8329CD966200B798A4 /* MakeAccountViewController.swift in Sources */ = {isa = PBXBuildFile; fileRef = 19A12D8229CD966200B798A4 /* MakeAccountViewController.swift */; };
		19A12D8529CDE70700B798A4 /* AddFriendViewController.swift in Sources */ = {isa = PBXBuildFile; fileRef = 19A12D8429CDE70700B798A4 /* AddFriendViewController.swift */; };
		19A12D8729CF465900B798A4 /* Article.swift in Sources */ = {isa = PBXBuildFile; fileRef = 19A12D8629CF465900B798A4 /* Article.swift */; };
		19D363FF2A3DB1AF0046DA9A /* Slider.swift in Sources */ = {isa = PBXBuildFile; fileRef = 19D363FE2A3DB1AF0046DA9A /* Slider.swift */; };
		19D364032A3DB24A0046DA9A /* CustomSliderView.swift in Sources */ = {isa = PBXBuildFile; fileRef = 19D364022A3DB24A0046DA9A /* CustomSliderView.swift */; };
		19E8B47E2A3EA620008C8DB3 /* CustomButton.swift in Sources */ = {isa = PBXBuildFile; fileRef = 19E8B47D2A3EA620008C8DB3 /* CustomButton.swift */; };
		19E8B4802A3EC8EB008C8DB3 /* StartViewController.swift in Sources */ = {isa = PBXBuildFile; fileRef = 19E8B47F2A3EC8EB008C8DB3 /* StartViewController.swift */; };
		19E8B4882A59B44E008C8DB3 /* LineGraph.swift in Sources */ = {isa = PBXBuildFile; fileRef = 19E8B4872A59B44D008C8DB3 /* LineGraph.swift */; };
		60476196096EB912B2FDFF70 /* Pods_KaralogTests.framework in Frameworks */ = {isa = PBXBuildFile; fileRef = 9444EA6D5DF5A4528A21B133 /* Pods_KaralogTests.framework */; };
		C816F45B2B5571E4BD1891D3 /* Pods_Karalog_KaralogUITests.framework in Frameworks */ = {isa = PBXBuildFile; fileRef = 35DDE236F0B387BF8920612C /* Pods_Karalog_KaralogUITests.framework */; };
/* End PBXBuildFile section */

/* Begin PBXContainerItemProxy section */
		19A12D4029CC2CA000B798A4 /* PBXContainerItemProxy */ = {
			isa = PBXContainerItemProxy;
			containerPortal = 19A12D2129CC2C9E00B798A4 /* Project object */;
			proxyType = 1;
			remoteGlobalIDString = 19A12D2829CC2C9E00B798A4;
			remoteInfo = Karalog;
		};
		19A12D4A29CC2CA000B798A4 /* PBXContainerItemProxy */ = {
			isa = PBXContainerItemProxy;
			containerPortal = 19A12D2129CC2C9E00B798A4 /* Project object */;
			proxyType = 1;
			remoteGlobalIDString = 19A12D2829CC2C9E00B798A4;
			remoteInfo = Karalog;
		};
/* End PBXContainerItemProxy section */

/* Begin PBXFileReference section */
		0CB4C410CD43EC7ED72095BD /* Pods_Karalog.framework */ = {isa = PBXFileReference; explicitFileType = wrapper.framework; includeInIndex = 0; path = Pods_Karalog.framework; sourceTree = BUILT_PRODUCTS_DIR; };
		19019BF729E189CD00315AFD /* Karalog.app */ = {isa = PBXFileReference; explicitFileType = wrapper.application; includeInIndex = 0; path = Karalog.app; sourceTree = BUILT_PRODUCTS_DIR; };
		19019BF829E189CD00315AFD /* KaralogTests.xctest */ = {isa = PBXFileReference; explicitFileType = wrapper.cfbundle; includeInIndex = 0; path = KaralogTests.xctest; sourceTree = BUILT_PRODUCTS_DIR; };
		19019BF929E189CD00315AFD /* KaralogUITests.xctest */ = {isa = PBXFileReference; explicitFileType = wrapper.cfbundle; includeInIndex = 0; path = KaralogUITests.xctest; sourceTree = BUILT_PRODUCTS_DIR; };
		192D26702A0543A80058D739 /* Function.swift */ = {isa = PBXFileReference; lastKnownFileType = sourcecode.swift; path = Function.swift; sourceTree = "<group>"; };
		192D26AE2A1F1AB20058D739 /* ShareViewController.swift */ = {isa = PBXFileReference; lastKnownFileType = sourcecode.swift; path = ShareViewController.swift; sourceTree = "<group>"; };
		192D26B02A1F1C140058D739 /* ShareCell.swift */ = {isa = PBXFileReference; lastKnownFileType = sourcecode.swift; path = ShareCell.swift; sourceTree = "<group>"; };
		192D26B12A1F1C140058D739 /* ShareCell.xib */ = {isa = PBXFileReference; lastKnownFileType = file.xib; path = ShareCell.xib; sourceTree = "<group>"; };
		192D26B42A1F98770058D739 /* PostViewController.swift */ = {isa = PBXFileReference; lastKnownFileType = sourcecode.swift; path = PostViewController.swift; sourceTree = "<group>"; };
		192D26B62A1FABBD0058D739 /* GetMusicViewController.swift */ = {isa = PBXFileReference; lastKnownFileType = sourcecode.swift; path = GetMusicViewController.swift; sourceTree = "<group>"; };
		1938FBB529D012E700245BB3 /* TableViewCell1.swift */ = {isa = PBXFileReference; lastKnownFileType = sourcecode.swift; path = TableViewCell1.swift; sourceTree = "<group>"; };
		1938FBB629D012E700245BB3 /* TableViewCell1.xib */ = {isa = PBXFileReference; lastKnownFileType = file.xib; path = TableViewCell1.xib; sourceTree = "<group>"; };
		1938FBB929D045B900245BB3 /* AddToListViewController.swift */ = {isa = PBXFileReference; lastKnownFileType = sourcecode.swift; path = AddToListViewController.swift; sourceTree = "<group>"; };
		1938FBBB29D0584600245BB3 /* CollectionViewCell1.swift */ = {isa = PBXFileReference; lastKnownFileType = sourcecode.swift; path = CollectionViewCell1.swift; sourceTree = "<group>"; };
		1938FBBC29D0584600245BB3 /* CollectionViewCell1.xib */ = {isa = PBXFileReference; lastKnownFileType = file.xib; path = CollectionViewCell1.xib; sourceTree = "<group>"; };
		1938FBBF29D0641700245BB3 /* CollectionViewCell2.swift */ = {isa = PBXFileReference; lastKnownFileType = sourcecode.swift; path = CollectionViewCell2.swift; sourceTree = "<group>"; };
		1938FBC029D0641700245BB3 /* CollectionViewCell2.xib */ = {isa = PBXFileReference; lastKnownFileType = file.xib; path = CollectionViewCell2.xib; sourceTree = "<group>"; };
		1938FBD129D0A05C00245BB3 /* Karalog.entitlements */ = {isa = PBXFileReference; lastKnownFileType = text.plist.entitlements; path = Karalog.entitlements; sourceTree = "<group>"; };
		1960CD1E29FE0F6E0065FF05 /* FirebaseAPI.swift */ = {isa = PBXFileReference; lastKnownFileType = sourcecode.swift; path = FirebaseAPI.swift; sourceTree = "<group>"; };
		1960CD2029FE30730065FF05 /* Manager.swift */ = {isa = PBXFileReference; lastKnownFileType = sourcecode.swift; path = Manager.swift; sourceTree = "<group>"; };
		1960CD2229FE7B250065FF05 /* Material.swift */ = {isa = PBXFileReference; lastKnownFileType = sourcecode.swift; path = Material.swift; sourceTree = "<group>"; };
		196D97352A66A02B00A96892 /* GoogleService-Info.plist */ = {isa = PBXFileReference; fileEncoding = 4; lastKnownFileType = text.plist.xml; name = "GoogleService-Info.plist"; path = "../../../Downloads/GoogleService-Info.plist"; sourceTree = "<group>"; };
		197F7C692A83CAAE00F80C34 /* BorderLabel.swift */ = {isa = PBXFileReference; lastKnownFileType = sourcecode.swift; path = BorderLabel.swift; sourceTree = "<group>"; };
		197F7C6B2A83CAD400F80C34 /* EmphasizeLabel.swift */ = {isa = PBXFileReference; lastKnownFileType = sourcecode.swift; path = EmphasizeLabel.swift; sourceTree = "<group>"; };
		197F7C6D2A84BEEF00F80C34 /* SelectedPostViewController.swift */ = {isa = PBXFileReference; lastKnownFileType = sourcecode.swift; path = SelectedPostViewController.swift; sourceTree = "<group>"; };
		1980AAC12A60DE0900FA93A1 /* CheckBox.swift */ = {isa = PBXFileReference; lastKnownFileType = sourcecode.swift; path = CheckBox.swift; sourceTree = "<group>"; };
		19A12D2C29CC2C9E00B798A4 /* AppDelegate.swift */ = {isa = PBXFileReference; lastKnownFileType = sourcecode.swift; path = AppDelegate.swift; sourceTree = "<group>"; };
		19A12D2E29CC2C9E00B798A4 /* SceneDelegate.swift */ = {isa = PBXFileReference; lastKnownFileType = sourcecode.swift; path = SceneDelegate.swift; sourceTree = "<group>"; };
		19A12D3029CC2C9E00B798A4 /* ViewController.swift */ = {isa = PBXFileReference; lastKnownFileType = sourcecode.swift; path = ViewController.swift; sourceTree = "<group>"; };
		19A12D3329CC2C9E00B798A4 /* Base */ = {isa = PBXFileReference; lastKnownFileType = file.storyboard; name = Base; path = Base.lproj/Main.storyboard; sourceTree = "<group>"; };
		19A12D3529CC2C9F00B798A4 /* Assets.xcassets */ = {isa = PBXFileReference; lastKnownFileType = folder.assetcatalog; path = Assets.xcassets; sourceTree = "<group>"; };
		19A12D3829CC2C9F00B798A4 /* Base */ = {isa = PBXFileReference; lastKnownFileType = file.storyboard; name = Base; path = Base.lproj/LaunchScreen.storyboard; sourceTree = "<group>"; };
		19A12D3A29CC2C9F00B798A4 /* Info.plist */ = {isa = PBXFileReference; lastKnownFileType = text.plist.xml; path = Info.plist; sourceTree = "<group>"; };
		19A12D4329CC2CA000B798A4 /* KaralogTests.swift */ = {isa = PBXFileReference; lastKnownFileType = sourcecode.swift; path = KaralogTests.swift; sourceTree = "<group>"; };
		19A12D4D29CC2CA000B798A4 /* KaralogUITests.swift */ = {isa = PBXFileReference; lastKnownFileType = sourcecode.swift; path = KaralogUITests.swift; sourceTree = "<group>"; };
		19A12D4F29CC2CA000B798A4 /* KaralogUITestsLaunchTests.swift */ = {isa = PBXFileReference; lastKnownFileType = sourcecode.swift; path = KaralogUITestsLaunchTests.swift; sourceTree = "<group>"; };
		19A12D5C29CD941200B798A4 /* MusicViewController.swift */ = {isa = PBXFileReference; lastKnownFileType = sourcecode.swift; path = MusicViewController.swift; sourceTree = "<group>"; };
		19A12D5E29CD942F00B798A4 /* AddMusicViewController.swift */ = {isa = PBXFileReference; lastKnownFileType = sourcecode.swift; path = AddMusicViewController.swift; sourceTree = "<group>"; };
		19A12D6029CD945100B798A4 /* SearchViewController.swift */ = {isa = PBXFileReference; lastKnownFileType = sourcecode.swift; path = SearchViewController.swift; sourceTree = "<group>"; };
		19A12D6229CD946D00B798A4 /* MusicDetailViewController.swift */ = {isa = PBXFileReference; lastKnownFileType = sourcecode.swift; path = MusicDetailViewController.swift; sourceTree = "<group>"; };
		19A12D6429CD94A200B798A4 /* AddDetailViewController.swift */ = {isa = PBXFileReference; lastKnownFileType = sourcecode.swift; path = AddDetailViewController.swift; sourceTree = "<group>"; };
		19A12D6629CD94AC00B798A4 /* DetailViewController.swift */ = {isa = PBXFileReference; lastKnownFileType = sourcecode.swift; path = DetailViewController.swift; sourceTree = "<group>"; };
		19A12D6829CD94C300B798A4 /* AllListViewController.swift */ = {isa = PBXFileReference; lastKnownFileType = sourcecode.swift; path = AllListViewController.swift; sourceTree = "<group>"; };
		19A12D6A29CD94D500B798A4 /* AddListViewController.swift */ = {isa = PBXFileReference; lastKnownFileType = sourcecode.swift; path = AddListViewController.swift; sourceTree = "<group>"; };
		19A12D6C29CD94E300B798A4 /* ListViewController.swift */ = {isa = PBXFileReference; lastKnownFileType = sourcecode.swift; path = ListViewController.swift; sourceTree = "<group>"; };
		19A12D6E29CD94ED00B798A4 /* AddListMusicViewController.swift */ = {isa = PBXFileReference; lastKnownFileType = sourcecode.swift; path = AddListMusicViewController.swift; sourceTree = "<group>"; };
		19A12D7029CD955500B798A4 /* ProfileViewController.swift */ = {isa = PBXFileReference; lastKnownFileType = sourcecode.swift; path = ProfileViewController.swift; sourceTree = "<group>"; };
		19A12D7229CD957600B798A4 /* NotificationViewController.swift */ = {isa = PBXFileReference; lastKnownFileType = sourcecode.swift; path = NotificationViewController.swift; sourceTree = "<group>"; };
		19A12D7429CD958300B798A4 /* FriendsViewController.swift */ = {isa = PBXFileReference; lastKnownFileType = sourcecode.swift; path = FriendsViewController.swift; sourceTree = "<group>"; };
		19A12D7629CD95A200B798A4 /* MatchViewController.swift */ = {isa = PBXFileReference; lastKnownFileType = sourcecode.swift; path = MatchViewController.swift; sourceTree = "<group>"; };
		19A12D7A29CD95D400B798A4 /* CommunicationViewController.swift */ = {isa = PBXFileReference; lastKnownFileType = sourcecode.swift; path = CommunicationViewController.swift; sourceTree = "<group>"; };
		19A12D7C29CD95EA00B798A4 /* MakeGroupViewController.swift */ = {isa = PBXFileReference; lastKnownFileType = sourcecode.swift; path = MakeGroupViewController.swift; sourceTree = "<group>"; };
		19A12D7E29CD960200B798A4 /* ChatViewController.swift */ = {isa = PBXFileReference; lastKnownFileType = sourcecode.swift; path = ChatViewController.swift; sourceTree = "<group>"; };
		19A12D8029CD964F00B798A4 /* LoginViewController.swift */ = {isa = PBXFileReference; lastKnownFileType = sourcecode.swift; path = LoginViewController.swift; sourceTree = "<group>"; };
		19A12D8229CD966200B798A4 /* MakeAccountViewController.swift */ = {isa = PBXFileReference; lastKnownFileType = sourcecode.swift; path = MakeAccountViewController.swift; sourceTree = "<group>"; };
		19A12D8429CDE70700B798A4 /* AddFriendViewController.swift */ = {isa = PBXFileReference; lastKnownFileType = sourcecode.swift; path = AddFriendViewController.swift; sourceTree = "<group>"; };
		19A12D8629CF465900B798A4 /* Article.swift */ = {isa = PBXFileReference; lastKnownFileType = sourcecode.swift; path = Article.swift; sourceTree = "<group>"; };
		19D363FE2A3DB1AF0046DA9A /* Slider.swift */ = {isa = PBXFileReference; lastKnownFileType = sourcecode.swift; path = Slider.swift; sourceTree = "<group>"; };
		19D364022A3DB24A0046DA9A /* CustomSliderView.swift */ = {isa = PBXFileReference; lastKnownFileType = sourcecode.swift; path = CustomSliderView.swift; sourceTree = "<group>"; };
		19E8B47D2A3EA620008C8DB3 /* CustomButton.swift */ = {isa = PBXFileReference; lastKnownFileType = sourcecode.swift; path = CustomButton.swift; sourceTree = "<group>"; };
		19E8B47F2A3EC8EB008C8DB3 /* StartViewController.swift */ = {isa = PBXFileReference; lastKnownFileType = sourcecode.swift; path = StartViewController.swift; sourceTree = "<group>"; };
		19E8B4872A59B44D008C8DB3 /* LineGraph.swift */ = {isa = PBXFileReference; lastKnownFileType = sourcecode.swift; path = LineGraph.swift; sourceTree = "<group>"; };
		35DDE236F0B387BF8920612C /* Pods_Karalog_KaralogUITests.framework */ = {isa = PBXFileReference; explicitFileType = wrapper.framework; includeInIndex = 0; path = Pods_Karalog_KaralogUITests.framework; sourceTree = BUILT_PRODUCTS_DIR; };
		6468C3A3597ED225A0446E38 /* Pods-Karalog-KaralogUITests.release.xcconfig */ = {isa = PBXFileReference; includeInIndex = 1; lastKnownFileType = text.xcconfig; name = "Pods-Karalog-KaralogUITests.release.xcconfig"; path = "Target Support Files/Pods-Karalog-KaralogUITests/Pods-Karalog-KaralogUITests.release.xcconfig"; sourceTree = "<group>"; };
		6D12E4A062AA62995FF3D031 /* Pods-Karalog.release.xcconfig */ = {isa = PBXFileReference; includeInIndex = 1; lastKnownFileType = text.xcconfig; name = "Pods-Karalog.release.xcconfig"; path = "Target Support Files/Pods-Karalog/Pods-Karalog.release.xcconfig"; sourceTree = "<group>"; };
		71F78DB740A4C53BC199E6EF /* Pods-Karalog-KaralogUITests.debug.xcconfig */ = {isa = PBXFileReference; includeInIndex = 1; lastKnownFileType = text.xcconfig; name = "Pods-Karalog-KaralogUITests.debug.xcconfig"; path = "Target Support Files/Pods-Karalog-KaralogUITests/Pods-Karalog-KaralogUITests.debug.xcconfig"; sourceTree = "<group>"; };
		7E0371CBD3B5DE3B9D47BAF9 /* Pods-KaralogTests.release.xcconfig */ = {isa = PBXFileReference; includeInIndex = 1; lastKnownFileType = text.xcconfig; name = "Pods-KaralogTests.release.xcconfig"; path = "Target Support Files/Pods-KaralogTests/Pods-KaralogTests.release.xcconfig"; sourceTree = "<group>"; };
		9444EA6D5DF5A4528A21B133 /* Pods_KaralogTests.framework */ = {isa = PBXFileReference; explicitFileType = wrapper.framework; includeInIndex = 0; path = Pods_KaralogTests.framework; sourceTree = BUILT_PRODUCTS_DIR; };
		E101F8ECE477F51A4867B549 /* Pods-KaralogTests.debug.xcconfig */ = {isa = PBXFileReference; includeInIndex = 1; lastKnownFileType = text.xcconfig; name = "Pods-KaralogTests.debug.xcconfig"; path = "Target Support Files/Pods-KaralogTests/Pods-KaralogTests.debug.xcconfig"; sourceTree = "<group>"; };
		E590B4190CFA172B8D53B312 /* Pods-Karalog.debug.xcconfig */ = {isa = PBXFileReference; includeInIndex = 1; lastKnownFileType = text.xcconfig; name = "Pods-Karalog.debug.xcconfig"; path = "Target Support Files/Pods-Karalog/Pods-Karalog.debug.xcconfig"; sourceTree = "<group>"; };
/* End PBXFileReference section */

/* Begin PBXFrameworksBuildPhase section */
		19A12D2629CC2C9E00B798A4 /* Frameworks */ = {
			isa = PBXFrameworksBuildPhase;
			buildActionMask = 2147483647;
			files = (
				1938FBCE29D08C1900245BB3 /* FacebookLogin in Frameworks */,
				1938FBC729D0741300245BB3 /* GoogleSignIn in Frameworks */,
				1938FBD029D08C1900245BB3 /* FacebookShare in Frameworks */,
				1938FBCC29D08C1900245BB3 /* FacebookCore in Frameworks */,
				1938FBC929D0741300245BB3 /* GoogleSignInSwift in Frameworks */,
				196D973B2A66A3AC00A96892 /* FirebaseFirestore in Frameworks */,
				196D97392A66A3AC00A96892 /* FirebaseAuth in Frameworks */,
				0513E246E9A899BD4EAC29C2 /* Pods_Karalog.framework in Frameworks */,
				196D973D2A66A3AC00A96892 /* FirebaseFirestoreSwift in Frameworks */,
			);
			runOnlyForDeploymentPostprocessing = 0;
		};
		19A12D3C29CC2CA000B798A4 /* Frameworks */ = {
			isa = PBXFrameworksBuildPhase;
			buildActionMask = 2147483647;
			files = (
				60476196096EB912B2FDFF70 /* Pods_KaralogTests.framework in Frameworks */,
			);
			runOnlyForDeploymentPostprocessing = 0;
		};
		19A12D4629CC2CA000B798A4 /* Frameworks */ = {
			isa = PBXFrameworksBuildPhase;
			buildActionMask = 2147483647;
			files = (
				C816F45B2B5571E4BD1891D3 /* Pods_Karalog_KaralogUITests.framework in Frameworks */,
			);
			runOnlyForDeploymentPostprocessing = 0;
		};
/* End PBXFrameworksBuildPhase section */

/* Begin PBXGroup section */
		1960CD1B29FE0E780065FF05 /* Controller */ = {
			isa = PBXGroup;
			children = (
				19E8B47F2A3EC8EB008C8DB3 /* StartViewController.swift */,
				19A12D8029CD964F00B798A4 /* LoginViewController.swift */,
				19A12D8229CD966200B798A4 /* MakeAccountViewController.swift */,
				19A12D5C29CD941200B798A4 /* MusicViewController.swift */,
				1938FBB929D045B900245BB3 /* AddToListViewController.swift */,
				19A12D6029CD945100B798A4 /* SearchViewController.swift */,
				19A12D5E29CD942F00B798A4 /* AddMusicViewController.swift */,
				19A12D6229CD946D00B798A4 /* MusicDetailViewController.swift */,
				19A12D6429CD94A200B798A4 /* AddDetailViewController.swift */,
				19A12D6629CD94AC00B798A4 /* DetailViewController.swift */,
				19A12D6829CD94C300B798A4 /* AllListViewController.swift */,
				19A12D6A29CD94D500B798A4 /* AddListViewController.swift */,
				19A12D6C29CD94E300B798A4 /* ListViewController.swift */,
				19A12D6E29CD94ED00B798A4 /* AddListMusicViewController.swift */,
				19A12D3029CC2C9E00B798A4 /* ViewController.swift */,
				19A12D7229CD957600B798A4 /* NotificationViewController.swift */,
				19A12D7429CD958300B798A4 /* FriendsViewController.swift */,
				19A12D7629CD95A200B798A4 /* MatchViewController.swift */,
				19A12D7A29CD95D400B798A4 /* CommunicationViewController.swift */,
				19A12D7C29CD95EA00B798A4 /* MakeGroupViewController.swift */,
				19A12D7E29CD960200B798A4 /* ChatViewController.swift */,
				192D26AE2A1F1AB20058D739 /* ShareViewController.swift */,
				192D26B42A1F98770058D739 /* PostViewController.swift */,
				19A12D7029CD955500B798A4 /* ProfileViewController.swift */,
				19A12D8429CDE70700B798A4 /* AddFriendViewController.swift */,
				197F7C6D2A84BEEF00F80C34 /* SelectedPostViewController.swift */,
				192D26B62A1FABBD0058D739 /* GetMusicViewController.swift */,
			);
			path = Controller;
			sourceTree = "<group>";
		};
		1960CD1C29FE0EA40065FF05 /* Model */ = {
			isa = PBXGroup;
			children = (
				19A12D8629CF465900B798A4 /* Article.swift */,
				1960CD2229FE7B250065FF05 /* Material.swift */,
				1960CD1E29FE0F6E0065FF05 /* FirebaseAPI.swift */,
				192D26702A0543A80058D739 /* Function.swift */,
				1960CD2029FE30730065FF05 /* Manager.swift */,
				19D363FE2A3DB1AF0046DA9A /* Slider.swift */,
				19D364022A3DB24A0046DA9A /* CustomSliderView.swift */,
				19E8B47D2A3EA620008C8DB3 /* CustomButton.swift */,
				197F7C692A83CAAE00F80C34 /* BorderLabel.swift */,
				197F7C6B2A83CAD400F80C34 /* EmphasizeLabel.swift */,
				1980AAC12A60DE0900FA93A1 /* CheckBox.swift */,
				19E8B4872A59B44D008C8DB3 /* LineGraph.swift */,
			);
			path = Model;
			sourceTree = "<group>";
		};
		1960CD1D29FE0ECD0065FF05 /* View */ = {
			isa = PBXGroup;
			children = (
				19A12D3229CC2C9E00B798A4 /* Main.storyboard */,
				1938FBB529D012E700245BB3 /* TableViewCell1.swift */,
				1938FBB629D012E700245BB3 /* TableViewCell1.xib */,
				1938FBBB29D0584600245BB3 /* CollectionViewCell1.swift */,
				1938FBBC29D0584600245BB3 /* CollectionViewCell1.xib */,
				1938FBBF29D0641700245BB3 /* CollectionViewCell2.swift */,
				1938FBC029D0641700245BB3 /* CollectionViewCell2.xib */,
				192D26B02A1F1C140058D739 /* ShareCell.swift */,
				192D26B12A1F1C140058D739 /* ShareCell.xib */,
			);
			path = View;
			sourceTree = "<group>";
		};
		19A12D2029CC2C9E00B798A4 = {
			isa = PBXGroup;
			children = (
				19A12D2B29CC2C9E00B798A4 /* Karalog */,
				19A12D4229CC2CA000B798A4 /* KaralogTests */,
				19A12D4C29CC2CA000B798A4 /* KaralogUITests */,
				F2BBB3838BA6CDDE220C1AF8 /* Pods */,
				4F8BBBA3376CBB0741A1F3F3 /* Frameworks */,
				19019BF729E189CD00315AFD /* Karalog.app */,
				19019BF829E189CD00315AFD /* KaralogTests.xctest */,
				19019BF929E189CD00315AFD /* KaralogUITests.xctest */,
			);
			sourceTree = "<group>";
		};
		19A12D2B29CC2C9E00B798A4 /* Karalog */ = {
			isa = PBXGroup;
			children = (
				1938FBD129D0A05C00245BB3 /* Karalog.entitlements */,
				19A12D2C29CC2C9E00B798A4 /* AppDelegate.swift */,
				19A12D2E29CC2C9E00B798A4 /* SceneDelegate.swift */,
				1960CD1B29FE0E780065FF05 /* Controller */,
				1960CD1D29FE0ECD0065FF05 /* View */,
				1960CD1C29FE0EA40065FF05 /* Model */,
				19A12D3529CC2C9F00B798A4 /* Assets.xcassets */,
				19A12D3729CC2C9F00B798A4 /* LaunchScreen.storyboard */,
				19A12D3A29CC2C9F00B798A4 /* Info.plist */,
				196D97352A66A02B00A96892 /* GoogleService-Info.plist */,
			);
			path = Karalog;
			sourceTree = "<group>";
		};
		19A12D4229CC2CA000B798A4 /* KaralogTests */ = {
			isa = PBXGroup;
			children = (
				19A12D4329CC2CA000B798A4 /* KaralogTests.swift */,
			);
			path = KaralogTests;
			sourceTree = "<group>";
		};
		19A12D4C29CC2CA000B798A4 /* KaralogUITests */ = {
			isa = PBXGroup;
			children = (
				19A12D4D29CC2CA000B798A4 /* KaralogUITests.swift */,
				19A12D4F29CC2CA000B798A4 /* KaralogUITestsLaunchTests.swift */,
			);
			path = KaralogUITests;
			sourceTree = "<group>";
		};
		4F8BBBA3376CBB0741A1F3F3 /* Frameworks */ = {
			isa = PBXGroup;
			children = (
				0CB4C410CD43EC7ED72095BD /* Pods_Karalog.framework */,
				35DDE236F0B387BF8920612C /* Pods_Karalog_KaralogUITests.framework */,
				9444EA6D5DF5A4528A21B133 /* Pods_KaralogTests.framework */,
			);
			name = Frameworks;
			sourceTree = "<group>";
		};
		F2BBB3838BA6CDDE220C1AF8 /* Pods */ = {
			isa = PBXGroup;
			children = (
				E590B4190CFA172B8D53B312 /* Pods-Karalog.debug.xcconfig */,
				6D12E4A062AA62995FF3D031 /* Pods-Karalog.release.xcconfig */,
				71F78DB740A4C53BC199E6EF /* Pods-Karalog-KaralogUITests.debug.xcconfig */,
				6468C3A3597ED225A0446E38 /* Pods-Karalog-KaralogUITests.release.xcconfig */,
				E101F8ECE477F51A4867B549 /* Pods-KaralogTests.debug.xcconfig */,
				7E0371CBD3B5DE3B9D47BAF9 /* Pods-KaralogTests.release.xcconfig */,
			);
			path = Pods;
			sourceTree = "<group>";
		};
/* End PBXGroup section */

/* Begin PBXNativeTarget section */
		19A12D2829CC2C9E00B798A4 /* Karalog */ = {
			isa = PBXNativeTarget;
			buildConfigurationList = 19A12D5329CC2CA000B798A4 /* Build configuration list for PBXNativeTarget "Karalog" */;
			buildPhases = (
				D63FEE7E3725EEC2AE3C7C7F /* [CP] Check Pods Manifest.lock */,
				19A12D2529CC2C9E00B798A4 /* Sources */,
				19A12D2629CC2C9E00B798A4 /* Frameworks */,
				19A12D2729CC2C9E00B798A4 /* Resources */,
				CA995D447BA67BFB762CA7EC /* [CP] Embed Pods Frameworks */,
			);
			buildRules = (
			);
			dependencies = (
			);
			name = Karalog;
			packageProductDependencies = (
				1938FBC629D0741300245BB3 /* GoogleSignIn */,
				1938FBC829D0741300245BB3 /* GoogleSignInSwift */,
				1938FBCB29D08C1900245BB3 /* FacebookCore */,
				1938FBCD29D08C1900245BB3 /* FacebookLogin */,
				1938FBCF29D08C1900245BB3 /* FacebookShare */,
				196D97382A66A3AC00A96892 /* FirebaseAuth */,
				196D973A2A66A3AC00A96892 /* FirebaseFirestore */,
				196D973C2A66A3AC00A96892 /* FirebaseFirestoreSwift */,
			);
			productName = Karalog;
			productReference = 19019BF729E189CD00315AFD /* Karalog.app */;
			productType = "com.apple.product-type.application";
		};
		19A12D3E29CC2CA000B798A4 /* KaralogTests */ = {
			isa = PBXNativeTarget;
			buildConfigurationList = 19A12D5629CC2CA000B798A4 /* Build configuration list for PBXNativeTarget "KaralogTests" */;
			buildPhases = (
				B13763599DAECABABBBDE1B2 /* [CP] Check Pods Manifest.lock */,
				19A12D3B29CC2CA000B798A4 /* Sources */,
				19A12D3C29CC2CA000B798A4 /* Frameworks */,
				19A12D3D29CC2CA000B798A4 /* Resources */,
			);
			buildRules = (
			);
			dependencies = (
				19A12D4129CC2CA000B798A4 /* PBXTargetDependency */,
			);
			name = KaralogTests;
			productName = KaralogTests;
			productReference = 19019BF829E189CD00315AFD /* KaralogTests.xctest */;
			productType = "com.apple.product-type.bundle.unit-test";
		};
		19A12D4829CC2CA000B798A4 /* KaralogUITests */ = {
			isa = PBXNativeTarget;
			buildConfigurationList = 19A12D5929CC2CA000B798A4 /* Build configuration list for PBXNativeTarget "KaralogUITests" */;
			buildPhases = (
				4DC2946A9EEF79B4718921E6 /* [CP] Check Pods Manifest.lock */,
				19A12D4529CC2CA000B798A4 /* Sources */,
				19A12D4629CC2CA000B798A4 /* Frameworks */,
				19A12D4729CC2CA000B798A4 /* Resources */,
				8110E69052B15D00938301DF /* [CP] Embed Pods Frameworks */,
			);
			buildRules = (
			);
			dependencies = (
				19A12D4B29CC2CA000B798A4 /* PBXTargetDependency */,
			);
			name = KaralogUITests;
			productName = KaralogUITests;
			productReference = 19019BF929E189CD00315AFD /* KaralogUITests.xctest */;
			productType = "com.apple.product-type.bundle.ui-testing";
		};
/* End PBXNativeTarget section */

/* Begin PBXProject section */
		19A12D2129CC2C9E00B798A4 /* Project object */ = {
			isa = PBXProject;
			attributes = {
				BuildIndependentTargetsInParallel = 1;
				LastSwiftUpdateCheck = 1420;
				LastUpgradeCheck = 1420;
				TargetAttributes = {
					19A12D2829CC2C9E00B798A4 = {
						CreatedOnToolsVersion = 14.2;
					};
					19A12D3E29CC2CA000B798A4 = {
						CreatedOnToolsVersion = 14.2;
						TestTargetID = 19A12D2829CC2C9E00B798A4;
					};
					19A12D4829CC2CA000B798A4 = {
						CreatedOnToolsVersion = 14.2;
						TestTargetID = 19A12D2829CC2C9E00B798A4;
					};
				};
			};
			buildConfigurationList = 19A12D2429CC2C9E00B798A4 /* Build configuration list for PBXProject "Karalog" */;
			compatibilityVersion = "Xcode 14.0";
			developmentRegion = en;
			hasScannedForEncodings = 0;
			knownRegions = (
				en,
				Base,
			);
			mainGroup = 19A12D2029CC2C9E00B798A4;
			packageReferences = (
				1938FBC529D0741300245BB3 /* XCRemoteSwiftPackageReference "GoogleSignIn-iOS" */,
				1938FBCA29D08C1900245BB3 /* XCRemoteSwiftPackageReference "facebook-ios-sdk" */,
				196D97372A66A3AC00A96892 /* XCRemoteSwiftPackageReference "firebase-ios-sdk" */,
			);
			productRefGroup = 19A12D2029CC2C9E00B798A4;
			projectDirPath = "";
			projectRoot = "";
			targets = (
				19A12D2829CC2C9E00B798A4 /* Karalog */,
				19A12D3E29CC2CA000B798A4 /* KaralogTests */,
				19A12D4829CC2CA000B798A4 /* KaralogUITests */,
			);
		};
/* End PBXProject section */

/* Begin PBXResourcesBuildPhase section */
		19A12D2729CC2C9E00B798A4 /* Resources */ = {
			isa = PBXResourcesBuildPhase;
			buildActionMask = 2147483647;
			files = (
				1938FBB829D012E700245BB3 /* TableViewCell1.xib in Resources */,
				196D97362A66A02C00A96892 /* GoogleService-Info.plist in Resources */,
				192D26B32A1F1C140058D739 /* ShareCell.xib in Resources */,
				19A12D3929CC2C9F00B798A4 /* LaunchScreen.storyboard in Resources */,
				1938FBBE29D0584600245BB3 /* CollectionViewCell1.xib in Resources */,
				1938FBC229D0641700245BB3 /* CollectionViewCell2.xib in Resources */,
				19A12D3629CC2C9F00B798A4 /* Assets.xcassets in Resources */,
				19A12D3429CC2C9E00B798A4 /* Main.storyboard in Resources */,
			);
			runOnlyForDeploymentPostprocessing = 0;
		};
		19A12D3D29CC2CA000B798A4 /* Resources */ = {
			isa = PBXResourcesBuildPhase;
			buildActionMask = 2147483647;
			files = (
			);
			runOnlyForDeploymentPostprocessing = 0;
		};
		19A12D4729CC2CA000B798A4 /* Resources */ = {
			isa = PBXResourcesBuildPhase;
			buildActionMask = 2147483647;
			files = (
			);
			runOnlyForDeploymentPostprocessing = 0;
		};
/* End PBXResourcesBuildPhase section */

/* Begin PBXShellScriptBuildPhase section */
		4DC2946A9EEF79B4718921E6 /* [CP] Check Pods Manifest.lock */ = {
			isa = PBXShellScriptBuildPhase;
			buildActionMask = 2147483647;
			files = (
			);
			inputFileListPaths = (
			);
			inputPaths = (
				"${PODS_PODFILE_DIR_PATH}/Podfile.lock",
				"${PODS_ROOT}/Manifest.lock",
			);
			name = "[CP] Check Pods Manifest.lock";
			outputFileListPaths = (
			);
			outputPaths = (
				"$(DERIVED_FILE_DIR)/Pods-Karalog-KaralogUITests-checkManifestLockResult.txt",
			);
			runOnlyForDeploymentPostprocessing = 0;
			shellPath = /bin/sh;
			shellScript = "diff \"${PODS_PODFILE_DIR_PATH}/Podfile.lock\" \"${PODS_ROOT}/Manifest.lock\" > /dev/null\nif [ $? != 0 ] ; then\n    # print error to STDERR\n    echo \"error: The sandbox is not in sync with the Podfile.lock. Run 'pod install' or update your CocoaPods installation.\" >&2\n    exit 1\nfi\n# This output is used by Xcode 'outputs' to avoid re-running this script phase.\necho \"SUCCESS\" > \"${SCRIPT_OUTPUT_FILE_0}\"\n";
			showEnvVarsInLog = 0;
		};
		8110E69052B15D00938301DF /* [CP] Embed Pods Frameworks */ = {
			isa = PBXShellScriptBuildPhase;
			buildActionMask = 2147483647;
			files = (
			);
			inputFileListPaths = (
				"${PODS_ROOT}/Target Support Files/Pods-Karalog-KaralogUITests/Pods-Karalog-KaralogUITests-frameworks-${CONFIGURATION}-input-files.xcfilelist",
			);
			name = "[CP] Embed Pods Frameworks";
			outputFileListPaths = (
				"${PODS_ROOT}/Target Support Files/Pods-Karalog-KaralogUITests/Pods-Karalog-KaralogUITests-frameworks-${CONFIGURATION}-output-files.xcfilelist",
			);
			runOnlyForDeploymentPostprocessing = 0;
			shellPath = /bin/sh;
			shellScript = "\"${PODS_ROOT}/Target Support Files/Pods-Karalog-KaralogUITests/Pods-Karalog-KaralogUITests-frameworks.sh\"\n";
			showEnvVarsInLog = 0;
		};
		B13763599DAECABABBBDE1B2 /* [CP] Check Pods Manifest.lock */ = {
			isa = PBXShellScriptBuildPhase;
			buildActionMask = 2147483647;
			files = (
			);
			inputFileListPaths = (
			);
			inputPaths = (
				"${PODS_PODFILE_DIR_PATH}/Podfile.lock",
				"${PODS_ROOT}/Manifest.lock",
			);
			name = "[CP] Check Pods Manifest.lock";
			outputFileListPaths = (
			);
			outputPaths = (
				"$(DERIVED_FILE_DIR)/Pods-KaralogTests-checkManifestLockResult.txt",
			);
			runOnlyForDeploymentPostprocessing = 0;
			shellPath = /bin/sh;
			shellScript = "diff \"${PODS_PODFILE_DIR_PATH}/Podfile.lock\" \"${PODS_ROOT}/Manifest.lock\" > /dev/null\nif [ $? != 0 ] ; then\n    # print error to STDERR\n    echo \"error: The sandbox is not in sync with the Podfile.lock. Run 'pod install' or update your CocoaPods installation.\" >&2\n    exit 1\nfi\n# This output is used by Xcode 'outputs' to avoid re-running this script phase.\necho \"SUCCESS\" > \"${SCRIPT_OUTPUT_FILE_0}\"\n";
			showEnvVarsInLog = 0;
		};
		CA995D447BA67BFB762CA7EC /* [CP] Embed Pods Frameworks */ = {
			isa = PBXShellScriptBuildPhase;
			buildActionMask = 2147483647;
			files = (
			);
			inputFileListPaths = (
				"${PODS_ROOT}/Target Support Files/Pods-Karalog/Pods-Karalog-frameworks-${CONFIGURATION}-input-files.xcfilelist",
			);
			name = "[CP] Embed Pods Frameworks";
			outputFileListPaths = (
				"${PODS_ROOT}/Target Support Files/Pods-Karalog/Pods-Karalog-frameworks-${CONFIGURATION}-output-files.xcfilelist",
			);
			runOnlyForDeploymentPostprocessing = 0;
			shellPath = /bin/sh;
			shellScript = "\"${PODS_ROOT}/Target Support Files/Pods-Karalog/Pods-Karalog-frameworks.sh\"\n";
			showEnvVarsInLog = 0;
		};
		D63FEE7E3725EEC2AE3C7C7F /* [CP] Check Pods Manifest.lock */ = {
			isa = PBXShellScriptBuildPhase;
			buildActionMask = 2147483647;
			files = (
			);
			inputFileListPaths = (
			);
			inputPaths = (
				"${PODS_PODFILE_DIR_PATH}/Podfile.lock",
				"${PODS_ROOT}/Manifest.lock",
			);
			name = "[CP] Check Pods Manifest.lock";
			outputFileListPaths = (
			);
			outputPaths = (
				"$(DERIVED_FILE_DIR)/Pods-Karalog-checkManifestLockResult.txt",
			);
			runOnlyForDeploymentPostprocessing = 0;
			shellPath = /bin/sh;
			shellScript = "diff \"${PODS_PODFILE_DIR_PATH}/Podfile.lock\" \"${PODS_ROOT}/Manifest.lock\" > /dev/null\nif [ $? != 0 ] ; then\n    # print error to STDERR\n    echo \"error: The sandbox is not in sync with the Podfile.lock. Run 'pod install' or update your CocoaPods installation.\" >&2\n    exit 1\nfi\n# This output is used by Xcode 'outputs' to avoid re-running this script phase.\necho \"SUCCESS\" > \"${SCRIPT_OUTPUT_FILE_0}\"\n";
			showEnvVarsInLog = 0;
		};
/* End PBXShellScriptBuildPhase section */

/* Begin PBXSourcesBuildPhase section */
		19A12D2529CC2C9E00B798A4 /* Sources */ = {
			isa = PBXSourcesBuildPhase;
			buildActionMask = 2147483647;
			files = (
				19A12D8529CDE70700B798A4 /* AddFriendViewController.swift in Sources */,
				19A12D7529CD958300B798A4 /* FriendsViewController.swift in Sources */,
				19E8B4802A3EC8EB008C8DB3 /* StartViewController.swift in Sources */,
				19D364032A3DB24A0046DA9A /* CustomSliderView.swift in Sources */,
				19A12D6729CD94AC00B798A4 /* DetailViewController.swift in Sources */,
				197F7C6A2A83CAAE00F80C34 /* BorderLabel.swift in Sources */,
				19E8B47E2A3EA620008C8DB3 /* CustomButton.swift in Sources */,
				19A12D7D29CD95EA00B798A4 /* MakeGroupViewController.swift in Sources */,
				19A12D6129CD945100B798A4 /* SearchViewController.swift in Sources */,
				19A12D6D29CD94E300B798A4 /* ListViewController.swift in Sources */,
				19A12D6929CD94C300B798A4 /* AllListViewController.swift in Sources */,
				192D26B72A1FABBD0058D739 /* GetMusicViewController.swift in Sources */,
				19A12D7129CD955500B798A4 /* ProfileViewController.swift in Sources */,
				197F7C6C2A83CAD400F80C34 /* EmphasizeLabel.swift in Sources */,
				19A12D7329CD957600B798A4 /* NotificationViewController.swift in Sources */,
				192D26B52A1F98770058D739 /* PostViewController.swift in Sources */,
				192D26B22A1F1C140058D739 /* ShareCell.swift in Sources */,
				19A12D6F29CD94ED00B798A4 /* AddListMusicViewController.swift in Sources */,
				19A12D7729CD95A200B798A4 /* MatchViewController.swift in Sources */,
				19A12D8129CD964F00B798A4 /* LoginViewController.swift in Sources */,
				192D26AF2A1F1AB20058D739 /* ShareViewController.swift in Sources */,
				19A12D7F29CD960200B798A4 /* ChatViewController.swift in Sources */,
				19A12D6B29CD94D500B798A4 /* AddListViewController.swift in Sources */,
				1960CD1F29FE0F6E0065FF05 /* FirebaseAPI.swift in Sources */,
				19E8B4882A59B44E008C8DB3 /* LineGraph.swift in Sources */,
				192D26712A0543A80058D739 /* Function.swift in Sources */,
				19A12D5D29CD941200B798A4 /* MusicViewController.swift in Sources */,
				19A12D3129CC2C9E00B798A4 /* ViewController.swift in Sources */,
				19A12D6529CD94A200B798A4 /* AddDetailViewController.swift in Sources */,
				1938FBC129D0641700245BB3 /* CollectionViewCell2.swift in Sources */,
				1960CD2129FE30730065FF05 /* Manager.swift in Sources */,
				19A12D6329CD946D00B798A4 /* MusicDetailViewController.swift in Sources */,
				19A12D5F29CD942F00B798A4 /* AddMusicViewController.swift in Sources */,
				19A12D7B29CD95D400B798A4 /* CommunicationViewController.swift in Sources */,
				19D363FF2A3DB1AF0046DA9A /* Slider.swift in Sources */,
				1938FBBD29D0584600245BB3 /* CollectionViewCell1.swift in Sources */,
				1938FBB729D012E700245BB3 /* TableViewCell1.swift in Sources */,
				1938FBBA29D045B900245BB3 /* AddToListViewController.swift in Sources */,
				19A12D8729CF465900B798A4 /* Article.swift in Sources */,
				19A12D8329CD966200B798A4 /* MakeAccountViewController.swift in Sources */,
				1980AAC22A60DE0900FA93A1 /* CheckBox.swift in Sources */,
				1960CD2329FE7B250065FF05 /* Material.swift in Sources */,
				19A12D2D29CC2C9E00B798A4 /* AppDelegate.swift in Sources */,
				19A12D2F29CC2C9E00B798A4 /* SceneDelegate.swift in Sources */,
				197F7C6E2A84BEEF00F80C34 /* SelectedPostViewController.swift in Sources */,
			);
			runOnlyForDeploymentPostprocessing = 0;
		};
		19A12D3B29CC2CA000B798A4 /* Sources */ = {
			isa = PBXSourcesBuildPhase;
			buildActionMask = 2147483647;
			files = (
				19A12D4429CC2CA000B798A4 /* KaralogTests.swift in Sources */,
			);
			runOnlyForDeploymentPostprocessing = 0;
		};
		19A12D4529CC2CA000B798A4 /* Sources */ = {
			isa = PBXSourcesBuildPhase;
			buildActionMask = 2147483647;
			files = (
				19A12D5029CC2CA000B798A4 /* KaralogUITestsLaunchTests.swift in Sources */,
				19A12D4E29CC2CA000B798A4 /* KaralogUITests.swift in Sources */,
			);
			runOnlyForDeploymentPostprocessing = 0;
		};
/* End PBXSourcesBuildPhase section */

/* Begin PBXTargetDependency section */
		19A12D4129CC2CA000B798A4 /* PBXTargetDependency */ = {
			isa = PBXTargetDependency;
			target = 19A12D2829CC2C9E00B798A4 /* Karalog */;
			targetProxy = 19A12D4029CC2CA000B798A4 /* PBXContainerItemProxy */;
		};
		19A12D4B29CC2CA000B798A4 /* PBXTargetDependency */ = {
			isa = PBXTargetDependency;
			target = 19A12D2829CC2C9E00B798A4 /* Karalog */;
			targetProxy = 19A12D4A29CC2CA000B798A4 /* PBXContainerItemProxy */;
		};
/* End PBXTargetDependency section */

/* Begin PBXVariantGroup section */
		19A12D3229CC2C9E00B798A4 /* Main.storyboard */ = {
			isa = PBXVariantGroup;
			children = (
				19A12D3329CC2C9E00B798A4 /* Base */,
			);
			name = Main.storyboard;
			sourceTree = "<group>";
		};
		19A12D3729CC2C9F00B798A4 /* LaunchScreen.storyboard */ = {
			isa = PBXVariantGroup;
			children = (
				19A12D3829CC2C9F00B798A4 /* Base */,
			);
			name = LaunchScreen.storyboard;
			sourceTree = "<group>";
		};
/* End PBXVariantGroup section */

/* Begin XCBuildConfiguration section */
		19A12D5129CC2CA000B798A4 /* Debug */ = {
			isa = XCBuildConfiguration;
			buildSettings = {
				ALWAYS_SEARCH_USER_PATHS = NO;
				CLANG_ANALYZER_NONNULL = YES;
				CLANG_ANALYZER_NUMBER_OBJECT_CONVERSION = YES_AGGRESSIVE;
				CLANG_CXX_LANGUAGE_STANDARD = "gnu++20";
				CLANG_ENABLE_MODULES = YES;
				CLANG_ENABLE_OBJC_ARC = YES;
				CLANG_ENABLE_OBJC_WEAK = YES;
				CLANG_WARN_BLOCK_CAPTURE_AUTORELEASING = YES;
				CLANG_WARN_BOOL_CONVERSION = YES;
				CLANG_WARN_COMMA = YES;
				CLANG_WARN_CONSTANT_CONVERSION = YES;
				CLANG_WARN_DEPRECATED_OBJC_IMPLEMENTATIONS = YES;
				CLANG_WARN_DIRECT_OBJC_ISA_USAGE = YES_ERROR;
				CLANG_WARN_DOCUMENTATION_COMMENTS = YES;
				CLANG_WARN_EMPTY_BODY = YES;
				CLANG_WARN_ENUM_CONVERSION = YES;
				CLANG_WARN_INFINITE_RECURSION = YES;
				CLANG_WARN_INT_CONVERSION = YES;
				CLANG_WARN_NON_LITERAL_NULL_CONVERSION = YES;
				CLANG_WARN_OBJC_IMPLICIT_RETAIN_SELF = YES;
				CLANG_WARN_OBJC_LITERAL_CONVERSION = YES;
				CLANG_WARN_OBJC_ROOT_CLASS = YES_ERROR;
				CLANG_WARN_QUOTED_INCLUDE_IN_FRAMEWORK_HEADER = YES;
				CLANG_WARN_RANGE_LOOP_ANALYSIS = YES;
				CLANG_WARN_STRICT_PROTOTYPES = YES;
				CLANG_WARN_SUSPICIOUS_MOVE = YES;
				CLANG_WARN_UNGUARDED_AVAILABILITY = YES_AGGRESSIVE;
				CLANG_WARN_UNREACHABLE_CODE = YES;
				CLANG_WARN__DUPLICATE_METHOD_MATCH = YES;
				COPY_PHASE_STRIP = NO;
				DEBUG_INFORMATION_FORMAT = dwarf;
				ENABLE_STRICT_OBJC_MSGSEND = YES;
				ENABLE_TESTABILITY = YES;
				GCC_C_LANGUAGE_STANDARD = gnu11;
				GCC_DYNAMIC_NO_PIC = NO;
				GCC_NO_COMMON_BLOCKS = YES;
				GCC_OPTIMIZATION_LEVEL = 0;
				GCC_PREPROCESSOR_DEFINITIONS = (
					"DEBUG=1",
					"$(inherited)",
				);
				GCC_WARN_64_TO_32_BIT_CONVERSION = YES;
				GCC_WARN_ABOUT_RETURN_TYPE = YES_ERROR;
				GCC_WARN_UNDECLARED_SELECTOR = YES;
				GCC_WARN_UNINITIALIZED_AUTOS = YES_AGGRESSIVE;
				GCC_WARN_UNUSED_FUNCTION = YES;
				GCC_WARN_UNUSED_VARIABLE = YES;
				IPHONEOS_DEPLOYMENT_TARGET = 16.4;
				MTL_ENABLE_DEBUG_INFO = INCLUDE_SOURCE;
				MTL_FAST_MATH = YES;
				ONLY_ACTIVE_ARCH = YES;
				SDKROOT = iphoneos;
				SWIFT_ACTIVE_COMPILATION_CONDITIONS = DEBUG;
				SWIFT_OPTIMIZATION_LEVEL = "-Onone";
			};
			name = Debug;
		};
		19A12D5229CC2CA000B798A4 /* Release */ = {
			isa = XCBuildConfiguration;
			buildSettings = {
				ALWAYS_SEARCH_USER_PATHS = NO;
				CLANG_ANALYZER_NONNULL = YES;
				CLANG_ANALYZER_NUMBER_OBJECT_CONVERSION = YES_AGGRESSIVE;
				CLANG_CXX_LANGUAGE_STANDARD = "gnu++20";
				CLANG_ENABLE_MODULES = YES;
				CLANG_ENABLE_OBJC_ARC = YES;
				CLANG_ENABLE_OBJC_WEAK = YES;
				CLANG_WARN_BLOCK_CAPTURE_AUTORELEASING = YES;
				CLANG_WARN_BOOL_CONVERSION = YES;
				CLANG_WARN_COMMA = YES;
				CLANG_WARN_CONSTANT_CONVERSION = YES;
				CLANG_WARN_DEPRECATED_OBJC_IMPLEMENTATIONS = YES;
				CLANG_WARN_DIRECT_OBJC_ISA_USAGE = YES_ERROR;
				CLANG_WARN_DOCUMENTATION_COMMENTS = YES;
				CLANG_WARN_EMPTY_BODY = YES;
				CLANG_WARN_ENUM_CONVERSION = YES;
				CLANG_WARN_INFINITE_RECURSION = YES;
				CLANG_WARN_INT_CONVERSION = YES;
				CLANG_WARN_NON_LITERAL_NULL_CONVERSION = YES;
				CLANG_WARN_OBJC_IMPLICIT_RETAIN_SELF = YES;
				CLANG_WARN_OBJC_LITERAL_CONVERSION = YES;
				CLANG_WARN_OBJC_ROOT_CLASS = YES_ERROR;
				CLANG_WARN_QUOTED_INCLUDE_IN_FRAMEWORK_HEADER = YES;
				CLANG_WARN_RANGE_LOOP_ANALYSIS = YES;
				CLANG_WARN_STRICT_PROTOTYPES = YES;
				CLANG_WARN_SUSPICIOUS_MOVE = YES;
				CLANG_WARN_UNGUARDED_AVAILABILITY = YES_AGGRESSIVE;
				CLANG_WARN_UNREACHABLE_CODE = YES;
				CLANG_WARN__DUPLICATE_METHOD_MATCH = YES;
				COPY_PHASE_STRIP = NO;
				DEBUG_INFORMATION_FORMAT = "dwarf-with-dsym";
				ENABLE_NS_ASSERTIONS = NO;
				ENABLE_STRICT_OBJC_MSGSEND = YES;
				GCC_C_LANGUAGE_STANDARD = gnu11;
				GCC_NO_COMMON_BLOCKS = YES;
				GCC_WARN_64_TO_32_BIT_CONVERSION = YES;
				GCC_WARN_ABOUT_RETURN_TYPE = YES_ERROR;
				GCC_WARN_UNDECLARED_SELECTOR = YES;
				GCC_WARN_UNINITIALIZED_AUTOS = YES_AGGRESSIVE;
				GCC_WARN_UNUSED_FUNCTION = YES;
				GCC_WARN_UNUSED_VARIABLE = YES;
				IPHONEOS_DEPLOYMENT_TARGET = 16.4;
				MTL_ENABLE_DEBUG_INFO = NO;
				MTL_FAST_MATH = YES;
				SDKROOT = iphoneos;
				SWIFT_COMPILATION_MODE = wholemodule;
				SWIFT_OPTIMIZATION_LEVEL = "-O";
				VALIDATE_PRODUCT = YES;
			};
			name = Release;
		};
		19A12D5429CC2CA000B798A4 /* Debug */ = {
			isa = XCBuildConfiguration;
			baseConfigurationReference = E590B4190CFA172B8D53B312 /* Pods-Karalog.debug.xcconfig */;
			buildSettings = {
				ASSETCATALOG_COMPILER_APPICON_NAME = AppIcon;
				ASSETCATALOG_COMPILER_GLOBAL_ACCENT_COLOR_NAME = AccentColor;
				CODE_SIGN_ENTITLEMENTS = Karalog/Karalog.entitlements;
				CODE_SIGN_STYLE = Automatic;
				CURRENT_PROJECT_VERSION = 1;
				DEVELOPMENT_TEAM = 2H27PW62KS;
				GENERATE_INFOPLIST_FILE = YES;
				INFOPLIST_FILE = Karalog/Info.plist;
				INFOPLIST_KEY_CFBundleDisplayName = Karalog;
				INFOPLIST_KEY_LSApplicationCategoryType = "public.app-category.music";
				INFOPLIST_KEY_NSCameraUsageDescription = "文字認識のため";
				INFOPLIST_KEY_NSPhotoLibraryUsageDescription = "This app needs to access the photo library";
				INFOPLIST_KEY_UIApplicationSupportsIndirectInputEvents = YES;
				INFOPLIST_KEY_UILaunchStoryboardName = LaunchScreen;
				INFOPLIST_KEY_UIMainStoryboardFile = Main;
				INFOPLIST_KEY_UIRequiresFullScreen = NO;
				INFOPLIST_KEY_UIStatusBarStyle = UIStatusBarStyleDarkContent;
				INFOPLIST_KEY_UISupportedInterfaceOrientations = "UIInterfaceOrientationPortrait UIInterfaceOrientationPortraitUpsideDown";
				IPHONEOS_DEPLOYMENT_TARGET = 16.4;
				LD_RUNPATH_SEARCH_PATHS = (
					"$(inherited)",
					"@executable_path/Frameworks",
				);
				MARKETING_VERSION = 1.0;
				PRODUCT_BUNDLE_IDENTIFIER = app.Ito.tiger.Karalog;
				PRODUCT_NAME = "$(TARGET_NAME)";
				SWIFT_EMIT_LOC_STRINGS = YES;
				SWIFT_VERSION = 5.0;
				TARGETED_DEVICE_FAMILY = "1,2";
			};
			name = Debug;
		};
		19A12D5529CC2CA000B798A4 /* Release */ = {
			isa = XCBuildConfiguration;
			baseConfigurationReference = 6D12E4A062AA62995FF3D031 /* Pods-Karalog.release.xcconfig */;
			buildSettings = {
				ASSETCATALOG_COMPILER_APPICON_NAME = AppIcon;
				ASSETCATALOG_COMPILER_GLOBAL_ACCENT_COLOR_NAME = AccentColor;
				CODE_SIGN_ENTITLEMENTS = Karalog/Karalog.entitlements;
				CODE_SIGN_STYLE = Automatic;
				CURRENT_PROJECT_VERSION = 1;
				DEVELOPMENT_TEAM = 2H27PW62KS;
				GENERATE_INFOPLIST_FILE = YES;
				INFOPLIST_FILE = Karalog/Info.plist;
				INFOPLIST_KEY_CFBundleDisplayName = Karalog;
				INFOPLIST_KEY_LSApplicationCategoryType = "public.app-category.music";
				INFOPLIST_KEY_NSCameraUsageDescription = "文字認識のため";
				INFOPLIST_KEY_NSPhotoLibraryUsageDescription = "This app needs to access the photo library";
				INFOPLIST_KEY_UIApplicationSupportsIndirectInputEvents = YES;
				INFOPLIST_KEY_UILaunchStoryboardName = LaunchScreen;
				INFOPLIST_KEY_UIMainStoryboardFile = Main;
				INFOPLIST_KEY_UIRequiresFullScreen = NO;
				INFOPLIST_KEY_UIStatusBarStyle = UIStatusBarStyleDarkContent;
				INFOPLIST_KEY_UISupportedInterfaceOrientations = "UIInterfaceOrientationPortrait UIInterfaceOrientationPortraitUpsideDown";
				IPHONEOS_DEPLOYMENT_TARGET = 16.4;
				LD_RUNPATH_SEARCH_PATHS = (
					"$(inherited)",
					"@executable_path/Frameworks",
				);
				MARKETING_VERSION = 1.0;
				PRODUCT_BUNDLE_IDENTIFIER = app.Ito.tiger.Karalog;
				PRODUCT_NAME = "$(TARGET_NAME)";
				SWIFT_EMIT_LOC_STRINGS = YES;
				SWIFT_VERSION = 5.0;
				TARGETED_DEVICE_FAMILY = "1,2";
			};
			name = Release;
		};
		19A12D5729CC2CA000B798A4 /* Debug */ = {
			isa = XCBuildConfiguration;
			baseConfigurationReference = E101F8ECE477F51A4867B549 /* Pods-KaralogTests.debug.xcconfig */;
			buildSettings = {
				ALWAYS_EMBED_SWIFT_STANDARD_LIBRARIES = YES;
				BUNDLE_LOADER = "$(TEST_HOST)";
				CODE_SIGN_STYLE = Automatic;
				CURRENT_PROJECT_VERSION = 1;
				DEVELOPMENT_TEAM = 2H27PW62KS;
				GENERATE_INFOPLIST_FILE = YES;
				IPHONEOS_DEPLOYMENT_TARGET = 16.4;
				MARKETING_VERSION = 1.0;
				PRODUCT_BUNDLE_IDENTIFIER = app.Ito.tiger.KaralogTests;
				PRODUCT_NAME = "$(TARGET_NAME)";
				SWIFT_EMIT_LOC_STRINGS = NO;
				SWIFT_VERSION = 5.0;
				TARGETED_DEVICE_FAMILY = "1,2";
				TEST_HOST = "$(BUILT_PRODUCTS_DIR)/Karalog.app/$(BUNDLE_EXECUTABLE_FOLDER_PATH)/Karalog";
			};
			name = Debug;
		};
		19A12D5829CC2CA000B798A4 /* Release */ = {
			isa = XCBuildConfiguration;
			baseConfigurationReference = 7E0371CBD3B5DE3B9D47BAF9 /* Pods-KaralogTests.release.xcconfig */;
			buildSettings = {
				ALWAYS_EMBED_SWIFT_STANDARD_LIBRARIES = YES;
				BUNDLE_LOADER = "$(TEST_HOST)";
				CODE_SIGN_STYLE = Automatic;
				CURRENT_PROJECT_VERSION = 1;
				DEVELOPMENT_TEAM = 2H27PW62KS;
				GENERATE_INFOPLIST_FILE = YES;
				IPHONEOS_DEPLOYMENT_TARGET = 16.4;
				MARKETING_VERSION = 1.0;
				PRODUCT_BUNDLE_IDENTIFIER = app.Ito.tiger.KaralogTests;
				PRODUCT_NAME = "$(TARGET_NAME)";
				SWIFT_EMIT_LOC_STRINGS = NO;
				SWIFT_VERSION = 5.0;
				TARGETED_DEVICE_FAMILY = "1,2";
				TEST_HOST = "$(BUILT_PRODUCTS_DIR)/Karalog.app/$(BUNDLE_EXECUTABLE_FOLDER_PATH)/Karalog";
			};
			name = Release;
		};
		19A12D5A29CC2CA000B798A4 /* Debug */ = {
			isa = XCBuildConfiguration;
			baseConfigurationReference = 71F78DB740A4C53BC199E6EF /* Pods-Karalog-KaralogUITests.debug.xcconfig */;
			buildSettings = {
				ALWAYS_EMBED_SWIFT_STANDARD_LIBRARIES = YES;
				CODE_SIGN_STYLE = Automatic;
				CURRENT_PROJECT_VERSION = 1;
				DEVELOPMENT_TEAM = 2H27PW62KS;
				GENERATE_INFOPLIST_FILE = YES;
				IPHONEOS_DEPLOYMENT_TARGET = 16.4;
				MARKETING_VERSION = 1.0;
				PRODUCT_BUNDLE_IDENTIFIER = app.Ito.tiger.KaralogUITests;
				PRODUCT_NAME = "$(TARGET_NAME)";
				SWIFT_EMIT_LOC_STRINGS = NO;
				SWIFT_VERSION = 5.0;
				TARGETED_DEVICE_FAMILY = "1,2";
				TEST_TARGET_NAME = Karalog;
			};
			name = Debug;
		};
		19A12D5B29CC2CA000B798A4 /* Release */ = {
			isa = XCBuildConfiguration;
			baseConfigurationReference = 6468C3A3597ED225A0446E38 /* Pods-Karalog-KaralogUITests.release.xcconfig */;
			buildSettings = {
				ALWAYS_EMBED_SWIFT_STANDARD_LIBRARIES = YES;
				CODE_SIGN_STYLE = Automatic;
				CURRENT_PROJECT_VERSION = 1;
				DEVELOPMENT_TEAM = 2H27PW62KS;
				GENERATE_INFOPLIST_FILE = YES;
				IPHONEOS_DEPLOYMENT_TARGET = 16.4;
				MARKETING_VERSION = 1.0;
				PRODUCT_BUNDLE_IDENTIFIER = app.Ito.tiger.KaralogUITests;
				PRODUCT_NAME = "$(TARGET_NAME)";
				SWIFT_EMIT_LOC_STRINGS = NO;
				SWIFT_VERSION = 5.0;
				TARGETED_DEVICE_FAMILY = "1,2";
				TEST_TARGET_NAME = Karalog;
			};
			name = Release;
		};
/* End XCBuildConfiguration section */

/* Begin XCConfigurationList section */
		19A12D2429CC2C9E00B798A4 /* Build configuration list for PBXProject "Karalog" */ = {
			isa = XCConfigurationList;
			buildConfigurations = (
				19A12D5129CC2CA000B798A4 /* Debug */,
				19A12D5229CC2CA000B798A4 /* Release */,
			);
			defaultConfigurationIsVisible = 0;
			defaultConfigurationName = Release;
		};
		19A12D5329CC2CA000B798A4 /* Build configuration list for PBXNativeTarget "Karalog" */ = {
			isa = XCConfigurationList;
			buildConfigurations = (
				19A12D5429CC2CA000B798A4 /* Debug */,
				19A12D5529CC2CA000B798A4 /* Release */,
			);
			defaultConfigurationIsVisible = 0;
			defaultConfigurationName = Release;
		};
		19A12D5629CC2CA000B798A4 /* Build configuration list for PBXNativeTarget "KaralogTests" */ = {
			isa = XCConfigurationList;
			buildConfigurations = (
				19A12D5729CC2CA000B798A4 /* Debug */,
				19A12D5829CC2CA000B798A4 /* Release */,
			);
			defaultConfigurationIsVisible = 0;
			defaultConfigurationName = Release;
		};
		19A12D5929CC2CA000B798A4 /* Build configuration list for PBXNativeTarget "KaralogUITests" */ = {
			isa = XCConfigurationList;
			buildConfigurations = (
				19A12D5A29CC2CA000B798A4 /* Debug */,
				19A12D5B29CC2CA000B798A4 /* Release */,
			);
			defaultConfigurationIsVisible = 0;
			defaultConfigurationName = Release;
		};
/* End XCConfigurationList section */

/* Begin XCRemoteSwiftPackageReference section */
		1938FBC529D0741300245BB3 /* XCRemoteSwiftPackageReference "GoogleSignIn-iOS" */ = {
			isa = XCRemoteSwiftPackageReference;
			repositoryURL = "https://github.com/google/GoogleSignIn-iOS";
			requirement = {
				kind = upToNextMajorVersion;
				minimumVersion = 7.0.0;
			};
		};
		1938FBCA29D08C1900245BB3 /* XCRemoteSwiftPackageReference "facebook-ios-sdk" */ = {
			isa = XCRemoteSwiftPackageReference;
			repositoryURL = "https://github.com/facebook/facebook-ios-sdk";
			requirement = {
				kind = upToNextMajorVersion;
				minimumVersion = 9.0.0;
			};
		};
		196D97372A66A3AC00A96892 /* XCRemoteSwiftPackageReference "firebase-ios-sdk" */ = {
			isa = XCRemoteSwiftPackageReference;
			repositoryURL = "https://github.com/firebase/firebase-ios-sdk.git";
			requirement = {
				kind = upToNextMajorVersion;
				minimumVersion = 10.0.0;
			};
		};
/* End XCRemoteSwiftPackageReference section */

/* Begin XCSwiftPackageProductDependency section */
		1938FBC629D0741300245BB3 /* GoogleSignIn */ = {
			isa = XCSwiftPackageProductDependency;
			package = 1938FBC529D0741300245BB3 /* XCRemoteSwiftPackageReference "GoogleSignIn-iOS" */;
			productName = GoogleSignIn;
		};
		1938FBC829D0741300245BB3 /* GoogleSignInSwift */ = {
			isa = XCSwiftPackageProductDependency;
			package = 1938FBC529D0741300245BB3 /* XCRemoteSwiftPackageReference "GoogleSignIn-iOS" */;
			productName = GoogleSignInSwift;
		};
		1938FBCB29D08C1900245BB3 /* FacebookCore */ = {
			isa = XCSwiftPackageProductDependency;
			package = 1938FBCA29D08C1900245BB3 /* XCRemoteSwiftPackageReference "facebook-ios-sdk" */;
			productName = FacebookCore;
		};
		1938FBCD29D08C1900245BB3 /* FacebookLogin */ = {
			isa = XCSwiftPackageProductDependency;
			package = 1938FBCA29D08C1900245BB3 /* XCRemoteSwiftPackageReference "facebook-ios-sdk" */;
			productName = FacebookLogin;
		};
		1938FBCF29D08C1900245BB3 /* FacebookShare */ = {
			isa = XCSwiftPackageProductDependency;
			package = 1938FBCA29D08C1900245BB3 /* XCRemoteSwiftPackageReference "facebook-ios-sdk" */;
			productName = FacebookShare;
		};
		196D97382A66A3AC00A96892 /* FirebaseAuth */ = {
			isa = XCSwiftPackageProductDependency;
			package = 196D97372A66A3AC00A96892 /* XCRemoteSwiftPackageReference "firebase-ios-sdk" */;
			productName = FirebaseAuth;
		};
		196D973A2A66A3AC00A96892 /* FirebaseFirestore */ = {
			isa = XCSwiftPackageProductDependency;
			package = 196D97372A66A3AC00A96892 /* XCRemoteSwiftPackageReference "firebase-ios-sdk" */;
			productName = FirebaseFirestore;
		};
		196D973C2A66A3AC00A96892 /* FirebaseFirestoreSwift */ = {
			isa = XCSwiftPackageProductDependency;
			package = 196D97372A66A3AC00A96892 /* XCRemoteSwiftPackageReference "firebase-ios-sdk" */;
			productName = FirebaseFirestoreSwift;
		};
/* End XCSwiftPackageProductDependency section */
	};
	rootObject = 19A12D2129CC2C9E00B798A4 /* Project object */;
}
